
Microsoft Visual Studio Solution File, Format Version 12.00
# Visual Studio 15
VisualStudioVersion = 15.0.28307.329
MinimumVisualStudioVersion = 10.0.40219.1
Project("{34036844-64E7-43A5-9151-4AD90E180989}") = "AzureIotEdgeApp1.Linux.Amd64", "AzureIotEdgeApp1.Linux.Amd64\AzureIotEdgeApp1.Linux.Amd64.iotedgeproj", "{13B5CDF0-A1B6-4E4B-8C7E-6390B38762E7}"
EndProject
Project("{FAE04EC0-301F-11D3-BF4B-00C04F79EFBC}") = "IotEdgeModule1", "IotEdgeModule1\IotEdgeModule1.csproj", "{56F52408-25C5-4DEB-8F1E-3282B091C425}"
EndProject
Global
	GlobalSection(SolutionConfigurationPlatforms) = preSolution
		Debug|Any CPU = Debug|Any CPU
		Release|Any CPU = Release|Any CPU
	EndGlobalSection
	GlobalSection(ProjectConfigurationPlatforms) = postSolution
		{13B5CDF0-A1B6-4E4B-8C7E-6390B38762E7}.Debug|Any CPU.ActiveCfg = Debug|Any CPU
		{13B5CDF0-A1B6-4E4B-8C7E-6390B38762E7}.Debug|Any CPU.Build.0 = Debug|Any CPU
		{13B5CDF0-A1B6-4E4B-8C7E-6390B38762E7}.Release|Any CPU.ActiveCfg = Release|Any CPU
		{13B5CDF0-A1B6-4E4B-8C7E-6390B38762E7}.Release|Any CPU.Build.0 = Release|Any CPU
		{56F52408-25C5-4DEB-8F1E-3282B091C425}.Debug|Any CPU.ActiveCfg = Debug|Any CPU
		{56F52408-25C5-4DEB-8F1E-3282B091C425}.Debug|Any CPU.Build.0 = Debug|Any CPU
		{56F52408-25C5-4DEB-8F1E-3282B091C425}.Release|Any CPU.ActiveCfg = Release|Any CPU
		{56F52408-25C5-4DEB-8F1E-3282B091C425}.Release|Any CPU.Build.0 = Release|Any CPU
	EndGlobalSection
	GlobalSection(SolutionProperties) = preSolution
		HideSolutionNode = FALSE
	EndGlobalSection
	GlobalSection(ExtensibilityGlobals) = postSolution
		SolutionGuid = {9DC0A981-25DC-4C43-85DE-FA795DECF195}
	EndGlobalSection
EndGlobal
